
Microsoft Visual Studio Solution File, Format Version 12.00
# Visual Studio Version 17
VisualStudioVersion = 17.0.31903.59
MinimumVisualStudioVersion = 10.0.40219.1
Project("{FAE04EC0-301F-11D3-BF4B-00C04F79EFBC}") = "MeuCadastro", "MeuCadastro\MeuCadastro.csproj", "{DBF7F27D-EC15-4B0E-867A-52DB48DC3306}"
EndProject
Global
	GlobalSection(SolutionConfigurationPlatforms) = preSolution
		Debug|Any CPU = Debug|Any CPU
		Release|Any CPU = Release|Any CPU
	EndGlobalSection
	GlobalSection(ProjectConfigurationPlatforms) = postSolution
		{DBF7F27D-EC15-4B0E-867A-52DB48DC3306}.Debug|Any CPU.ActiveCfg = Debug|Any CPU
		{DBF7F27D-EC15-4B0E-867A-52DB48DC3306}.Debug|Any CPU.Build.0 = Debug|Any CPU
		{DBF7F27D-EC15-4B0E-867A-52DB48DC3306}.Release|Any CPU.ActiveCfg = Release|Any CPU
		{DBF7F27D-EC15-4B0E-867A-52DB48DC3306}.Release|Any CPU.Build.0 = Release|Any CPU
	EndGlobalSection
	GlobalSection(SolutionProperties) = preSolution
		HideSolutionNode = FALSE
	EndGlobalSection
	GlobalSection(ExtensibilityGlobals) = postSolution
		SolutionGuid = {1F36CC05-1E54-4562-9BEB-BB0933E54B08}
	EndGlobalSection
EndGlobal
